{
    "version": 3,
    "terraform_version": "0.8.7",
    "serial": 9,
    "lineage": "492594fd-cfc8-496e-bbb9-215df1f06193",
    "modules": [
        {
            "path": [
                "root"
            ],
            "outputs": {},
            "resources": {
                "aws_kms_key.key": {
                    "type": "aws_kms_key",
                    "depends_on": [],
                    "primary": {
                        "id": "11853047-4401-4f99-84ea-2d2152ca0fb0",
                        "attributes": {
                            "arn": "arn:aws:kms:us-west-2:241656615859:key/11853047-4401-4f99-84ea-2d2152ca0fb0",
                            "description": "TFE resource encryption key",
                            "enable_key_rotation": "false",
                            "id": "11853047-4401-4f99-84ea-2d2152ca0fb0",
                            "is_enabled": "true",
                            "key_id": "11853047-4401-4f99-84ea-2d2152ca0fb0",
                            "key_usage": "ENCRYPT_DECRYPT",
                            "policy": "{\"Id\":\"key-default-1\",\"Statement\":[{\"Action\":\"kms:*\",\"Effect\":\"Allow\",\"Principal\":{\"AWS\":\"arn:aws:iam::241656615859:root\"},\"Resource\":\"*\",\"Sid\":\"Enable IAM User Permissions\"}],\"Version\":\"2012-10-17\"}"
                        },
                        "meta": {},
                        "tainted": false
                    },
                    "deposed": [],
                    "provider": ""
                },
                "data.aws_route53_zone.selected": {
                    "type": "aws_route53_zone",
                    "depends_on": [],
                    "primary": {
                        "id": "ZVEF52R7NLTW6",
                        "attributes": {
                            "caller_reference": "2017-03-07T00:35:16.271288079Z",
                            "comment": "Public zone for tfedemo.io. Managed by Terraform",
                            "id": "ZVEF52R7NLTW6",
                            "name": "tfedemo.io.",
                            "private_zone": "false",
                            "resource_record_set_count": "7",
                            "zone_id": "ZVEF52R7NLTW6"
                        },
                        "meta": {},
                        "tainted": false
                    },
                    "deposed": [],
                    "provider": ""
                },
                "data.aws_subnet.instance": {
                    "type": "aws_subnet",
                    "depends_on": [],
                    "primary": {
                        "id": "subnet-0de26b6a",
                        "attributes": {
                            "availability_zone": "us-west-2a",
                            "cidr_block": "172.22.0.0/21",
                            "default_for_az": "false",
                            "id": "subnet-0de26b6a",
                            "state": "available",
                            "tags.%": "1",
                            "tags.Name": "TFE Demo Public 1",
                            "vpc_id": "vpc-ad7405ca"
                        },
                        "meta": {},
                        "tainted": false
                    },
                    "deposed": [],
                    "provider": ""
                },
                "random_id.installation-id": {
                    "type": "random_id",
                    "depends_on": [],
                    "primary": {
                        "id": "SuWDXeMM",
                        "attributes": {
                            "b64": "SuWDXeMM",
                            "b64_std": "SuWDXeMM",
                            "b64_url": "SuWDXeMM",
                            "byte_length": "6",
                            "dec": "82349611934476",
                            "hex": "4ae5835de30c",
                            "id": "SuWDXeMM"
                        },
                        "meta": {},
                        "tainted": false
                    },
                    "deposed": [],
                    "provider": ""
                }
            },
            "depends_on": []
        },
        {
            "path": [
                "root",
                "db"
            ],
            "outputs": {
                "address": {
                    "sensitive": false,
                    "type": "string",
                    "value": "tfe-4ae5835de30c.cgwaqt3vgeva.us-west-2.rds.amazonaws.com"
                },
                "database": {
                    "sensitive": false,
                    "type": "string",
                    "value": "atlas_production"
                },
                "endpoint": {
                    "sensitive": false,
                    "type": "string",
                    "value": "tfe-4ae5835de30c.cgwaqt3vgeva.us-west-2.rds.amazonaws.com:5432"
                },
                "password": {
                    "sensitive": false,
                    "type": "string",
                    "value": "chrischrispaulchris"
                },
                "username": {
                    "sensitive": false,
                    "type": "string",
                    "value": "atlas"
                }
            },
            "resources": {
                "aws_db_instance.rds": {
                    "type": "aws_db_instance",
                    "depends_on": [
                        "aws_db_subnet_group.rds",
                        "aws_security_group.rds"
                    ],
                    "primary": {
                        "id": "tfe-4ae5835de30c",
                        "attributes": {
                            "address": "tfe-4ae5835de30c.cgwaqt3vgeva.us-west-2.rds.amazonaws.com",
                            "allocated_storage": "80",
                            "arn": "arn:aws:rds:us-west-2:241656615859:db:tfe-4ae5835de30c",
                            "auto_minor_version_upgrade": "true",
                            "availability_zone": "us-west-2a",
                            "backup_retention_period": "31",
                            "backup_window": "12:35-13:05",
                            "copy_tags_to_snapshot": "false",
                            "db_subnet_group_name": "tfe-4ae5835de30c",
                            "endpoint": "tfe-4ae5835de30c.cgwaqt3vgeva.us-west-2.rds.amazonaws.com:5432",
                            "engine": "postgres",
                            "engine_version": "9.4.7",
                            "final_snapshot_identifier": "tfe-4ae5835de30c",
                            "hosted_zone_id": "Z1PVIF0B656C1W",
                            "id": "tfe-4ae5835de30c",
                            "identifier": "tfe-4ae5835de30c",
                            "instance_class": "db.m4.large",
                            "iops": "0",
                            "kms_key_id": "arn:aws:kms:us-west-2:241656615859:key/11853047-4401-4f99-84ea-2d2152ca0fb0",
                            "license_model": "postgresql-license",
                            "maintenance_window": "wed:13:08-wed:13:38",
                            "monitoring_interval": "0",
                            "multi_az": "true",
                            "name": "atlas_production",
                            "option_group_name": "default:postgres-9-4",
                            "parameter_group_name": "default.postgres9.4",
                            "password": "chrischrispaulchris",
                            "port": "5432",
                            "publicly_accessible": "false",
                            "replicas.#": "0",
                            "replicate_source_db": "",
                            "security_group_names.#": "0",
                            "skip_final_snapshot": "true",
                            "status": "available",
                            "storage_encrypted": "true",
                            "storage_type": "gp2",
                            "tags.%": "0",
                            "timezone": "",
                            "username": "atlas",
                            "vpc_security_group_ids.#": "1",
                            "vpc_security_group_ids.933948916": "sg-16b9a26e"
                        },
                        "meta": {},
                        "tainted": false
                    },
                    "deposed": [],
                    "provider": ""
                },
                "aws_db_subnet_group.rds": {
                    "type": "aws_db_subnet_group",
                    "depends_on": [],
                    "primary": {
                        "id": "tfe-4ae5835de30c",
                        "attributes": {
                            "arn": "arn:aws:rds:us-west-2:241656615859:subgrp:tfe-4ae5835de30c",
                            "description": "tfe-4ae5835de30c",
                            "id": "tfe-4ae5835de30c",
                            "name": "tfe-4ae5835de30c",
                            "subnet_ids.#": "2",
                            "subnet_ids.2761268557": "subnet-0ce26b6b",
                            "subnet_ids.3667659206": "subnet-d0f35099",
                            "tags.%": "0"
                        },
                        "meta": {},
                        "tainted": false
                    },
                    "deposed": [],
                    "provider": ""
                },
                "aws_security_group.rds": {
                    "type": "aws_security_group",
                    "depends_on": [],
                    "primary": {
                        "id": "sg-16b9a26e",
                        "attributes": {
                            "description": "Managed by Terraform",
                            "egress.#": "1",
                            "egress.482069346.cidr_blocks.#": "1",
                            "egress.482069346.cidr_blocks.0": "0.0.0.0/0",
                            "egress.482069346.from_port": "0",
                            "egress.482069346.prefix_list_ids.#": "0",
                            "egress.482069346.protocol": "-1",
                            "egress.482069346.security_groups.#": "0",
                            "egress.482069346.self": "false",
                            "egress.482069346.to_port": "0",
                            "id": "sg-16b9a26e",
                            "ingress.#": "1",
                            "ingress.482069346.cidr_blocks.#": "1",
                            "ingress.482069346.cidr_blocks.0": "0.0.0.0/0",
                            "ingress.482069346.from_port": "0",
                            "ingress.482069346.protocol": "-1",
                            "ingress.482069346.security_groups.#": "0",
                            "ingress.482069346.self": "false",
                            "ingress.482069346.to_port": "0",
                            "name": "tfe-4ae5835de30c",
                            "owner_id": "241656615859",
                            "tags.%": "0",
                            "vpc_id": "vpc-ad7405ca"
                        },
                        "meta": {},
                        "tainted": false
                    },
                    "deposed": [],
                    "provider": ""
                }
            },
            "depends_on": []
        },
        {
            "path": [
                "root",
                "instance"
            ],
            "outputs": {
                "bucket_url": {
                    "sensitive": false,
                    "type": "string",
                    "value": "hashicorp-tfe-phinztfe-data.s3.amazonaws.com"
                },
                "dns_name": {
                    "sensitive": false,
                    "type": "string",
                    "value": "tf-lb-0005efdfe58d4de65d1097b6f2-312921420.us-west-2.elb.amazonaws.com"
                },
                "zone_id": {
                    "sensitive": false,
                    "type": "string",
                    "value": "Z1H1FL5HABSF5"
                }
            },
            "resources": {
                "aws_autoscaling_group.ptfe": {
                    "type": "aws_autoscaling_group",
                    "depends_on": [
                        "aws_elb.ptfe",
                        "aws_launch_configuration.ptfe"
                    ],
                    "primary": {
                        "id": "terraform-enterprise - 4ae5835de30c - terraform-0005efdfe58d4de65d1097b6f3",
                        "attributes": {
                            "arn": "arn:aws:autoscaling:us-west-2:241656615859:autoScalingGroup:42574fb8-66b0-4377-af6a-0dcb1ac17a6b:autoScalingGroupName/terraform-enterprise - 4ae5835de30c - terraform-0005efdfe58d4de65d1097b6f3",
                            "availability_zones.#": "1",
                            "availability_zones.2487133097": "us-west-2a",
                            "default_cooldown": "300",
                            "desired_capacity": "1",
                            "force_delete": "false",
                            "health_check_grace_period": "300",
                            "health_check_type": "EC2",
                            "id": "terraform-enterprise - 4ae5835de30c - terraform-0005efdfe58d4de65d1097b6f3",
                            "launch_configuration": "terraform-0005efdfe58d4de65d1097b6f3",
                            "load_balancers.#": "1",
                            "load_balancers.864125859": "tf-lb-0005efdfe58d4de65d1097b6f2",
                            "max_size": "1",
                            "metrics_granularity": "1Minute",
                            "min_size": "1",
                            "name": "terraform-enterprise - 4ae5835de30c - terraform-0005efdfe58d4de65d1097b6f3",
                            "placement_group": "",
                            "protect_from_scale_in": "false",
                            "suspended_processes.#": "0",
                            "tag.#": "2",
                            "tag.2058695290.key": "Name",
                            "tag.2058695290.propagate_at_launch": "true",
                            "tag.2058695290.value": "terraform-enterprise-phinztfe.tfedemo.io",
                            "tag.2125881250.key": "Hostname",
                            "tag.2125881250.propagate_at_launch": "true",
                            "tag.2125881250.value": "phinztfe.tfedemo.io",
                            "target_group_arns.#": "0",
                            "termination_policies.#": "0",
                            "vpc_zone_identifier.#": "1",
                            "vpc_zone_identifier.4164678265": "subnet-0de26b6a",
                            "wait_for_capacity_timeout": "10m",
                            "wait_for_elb_capacity": "1"
                        },
                        "meta": {},
                        "tainted": false
                    },
                    "deposed": [],
                    "provider": ""
                },
                "aws_elb.ptfe": {
                    "type": "aws_elb",
                    "depends_on": [
                        "aws_security_group.ptfe-external"
                    ],
                    "primary": {
                        "id": "tf-lb-0005efdfe58d4de65d1097b6f2",
                        "attributes": {
                            "access_logs.#": "0",
                            "availability_zones.#": "1",
                            "availability_zones.2487133097": "us-west-2a",
                            "connection_draining": "false",
                            "connection_draining_timeout": "300",
                            "cross_zone_load_balancing": "true",
                            "dns_name": "tf-lb-0005efdfe58d4de65d1097b6f2-312921420.us-west-2.elb.amazonaws.com",
                            "health_check.#": "1",
                            "health_check.0.healthy_threshold": "2",
                            "health_check.0.interval": "5",
                            "health_check.0.target": "TCP:8080",
                            "health_check.0.timeout": "3",
                            "health_check.0.unhealthy_threshold": "2",
                            "id": "tf-lb-0005efdfe58d4de65d1097b6f2",
                            "idle_timeout": "60",
                            "instances.#": "1",
                            "instances.570426739": "i-0229493db70b34166",
                            "internal": "false",
                            "listener.#": "1",
                            "listener.973624228.instance_port": "8080",
                            "listener.973624228.instance_protocol": "http",
                            "listener.973624228.lb_port": "443",
                            "listener.973624228.lb_protocol": "https",
                            "listener.973624228.ssl_certificate_id": "arn:aws:acm:us-west-2:241656615859:certificate/f32fa674-de62-4681-8035-21a4c81474c6",
                            "name": "tf-lb-0005efdfe58d4de65d1097b6f2",
                            "security_groups.#": "1",
                            "security_groups.229849920": "sg-0d849f75",
                            "source_security_group": "241656615859/terraform-0005efdfe58d4de65d1097b6f0",
                            "source_security_group_id": "sg-0d849f75",
                            "subnets.#": "1",
                            "subnets.4164678265": "subnet-0de26b6a",
                            "tags.%": "1",
                            "tags.Name": "terraform-enterprise",
                            "zone_id": "Z1H1FL5HABSF5"
                        },
                        "meta": {},
                        "tainted": false
                    },
                    "deposed": [],
                    "provider": ""
                },
                "aws_iam_instance_profile.tfe_instance": {
                    "type": "aws_iam_instance_profile",
                    "depends_on": [
                        "aws_iam_role.tfe_iam_role"
                    ],
                    "primary": {
                        "id": "tfe_instance_4ae5835de30c",
                        "attributes": {
                            "arn": "arn:aws:iam::241656615859:instance-profile/tfe_instance_4ae5835de30c",
                            "id": "tfe_instance_4ae5835de30c",
                            "name": "tfe_instance_4ae5835de30c",
                            "path": "/",
                            "roles.#": "1",
                            "roles.1487999638": "tfe_iam_role-4ae5835de30c"
                        },
                        "meta": {},
                        "tainted": false
                    },
                    "deposed": [],
                    "provider": ""
                },
                "aws_iam_role.tfe_iam_role": {
                    "type": "aws_iam_role",
                    "depends_on": [],
                    "primary": {
                        "id": "tfe_iam_role-4ae5835de30c",
                        "attributes": {
                            "arn": "arn:aws:iam::241656615859:role/tfe_iam_role-4ae5835de30c",
                            "assume_role_policy": "{\"Version\":\"2012-10-17\",\"Statement\":[{\"Effect\":\"Allow\",\"Principal\":{\"Service\":\"ec2.amazonaws.com\"},\"Action\":\"sts:AssumeRole\"}]}",
                            "create_date": "2017-03-23T17:58:23Z",
                            "id": "tfe_iam_role-4ae5835de30c",
                            "name": "tfe_iam_role-4ae5835de30c",
                            "path": "/",
                            "unique_id": "AROAJR6D5YGQEAFHS3RAW"
                        },
                        "meta": {},
                        "tainted": false
                    },
                    "deposed": [],
                    "provider": ""
                },
                "aws_iam_role_policy.tfe-perms": {
                    "type": "aws_iam_role_policy",
                    "depends_on": [
                        "aws_iam_role.tfe_iam_role",
                        "data.aws_iam_policy_document.tfe-perms"
                    ],
                    "primary": {
                        "id": "tfe_iam_role-4ae5835de30c:TFE-4ae5835de30c",
                        "attributes": {
                            "id": "tfe_iam_role-4ae5835de30c:TFE-4ae5835de30c",
                            "name": "TFE-4ae5835de30c",
                            "policy": "{\n  \"Version\": \"2012-10-17\",\n  \"Statement\": [\n    {\n      \"Sid\": \"AllowKMSEncryptDecrypt\",\n      \"Effect\": \"Allow\",\n      \"Action\": \"kms:*\",\n      \"Resource\": \"arn:aws:kms:us-west-2:241656615859:key/11853047-4401-4f99-84ea-2d2152ca0fb0\"\n    },\n    {\n      \"Sid\": \"AllowS3\",\n      \"Effect\": \"Allow\",\n      \"Action\": \"s3:*\",\n      \"Resource\": [\n        \"arn:aws:s3:::hashicorp-tfe-phinztfe-data/*\",\n        \"arn:aws:s3:::hashicorp-tfe-phinztfe-data\"\n      ]\n    },\n    {\n      \"Sid\": \"AllowCloudwatch\",\n      \"Effect\": \"Allow\",\n      \"Action\": [\n        \"logs:PutLogEvents\",\n        \"logs:DescribeLogStreams\",\n        \"logs:CreateLogStream\",\n        \"logs:CreateLogGroup\"\n      ],\n      \"Resource\": \"arn:aws:logs:*:log-group:phinztfe.tfedemo.io*\"\n    }\n  ]\n}",
                            "role": "tfe_iam_role-4ae5835de30c"
                        },
                        "meta": {},
                        "tainted": false
                    },
                    "deposed": [],
                    "provider": ""
                },
                "aws_launch_configuration.ptfe": {
                    "type": "aws_launch_configuration",
                    "depends_on": [
                        "aws_iam_instance_profile.tfe_instance",
                        "aws_s3_bucket_object.setup",
                        "aws_s3_bucket_object.setup",
                        "aws_security_group.ptfe"
                    ],
                    "primary": {
                        "id": "terraform-0005efdfe58d4de65d1097b6f3",
                        "attributes": {
                            "associate_public_ip_address": "false",
                            "ebs_block_device.#": "0",
                            "ebs_optimized": "false",
                            "enable_monitoring": "true",
                            "ephemeral_block_device.#": "0",
                            "iam_instance_profile": "tfe_instance_4ae5835de30c",
                            "id": "terraform-0005efdfe58d4de65d1097b6f3",
                            "image_id": "ami-0ca12a6c",
                            "instance_type": "m4.xlarge",
                            "key_name": "phinztfe",
                            "name": "terraform-0005efdfe58d4de65d1097b6f3",
                            "root_block_device.#": "1",
                            "root_block_device.0.delete_on_termination": "true",
                            "root_block_device.0.iops": "0",
                            "root_block_device.0.volume_size": "40",
                            "root_block_device.0.volume_type": "",
                            "security_groups.#": "1",
                            "security_groups.2003307501": "sg-37859e4f",
                            "spot_price": "",
                            "user_data": "391ee4dab642ce70ae5ad2b25b499d173079cee1",
                            "vpc_classic_link_id": "",
                            "vpc_classic_link_security_groups.#": "0"
                        },
                        "meta": {},
                        "tainted": false
                    },
                    "deposed": [],
                    "provider": ""
                },
                "aws_s3_bucket.tfe_bucket": {
                    "type": "aws_s3_bucket",
                    "depends_on": [],
                    "primary": {
                        "id": "hashicorp-tfe-phinztfe-data",
                        "attributes": {
                            "acceleration_status": "",
                            "acl": "private",
                            "arn": "arn:aws:s3:::hashicorp-tfe-phinztfe-data",
                            "bucket": "hashicorp-tfe-phinztfe-data",
                            "bucket_domain_name": "hashicorp-tfe-phinztfe-data.s3.amazonaws.com",
                            "force_destroy": "true",
                            "hosted_zone_id": "Z3BJ6K6RIION7M",
                            "id": "hashicorp-tfe-phinztfe-data",
                            "region": "us-west-2",
                            "request_payer": "BucketOwner",
                            "tags.%": "0",
                            "versioning.#": "1",
                            "versioning.0.enabled": "true",
                            "versioning.0.mfa_delete": "false",
                            "website.#": "0"
                        },
                        "meta": {},
                        "tainted": false
                    },
                    "deposed": [],
                    "provider": ""
                },
                "aws_s3_bucket_object.setup": {
                    "type": "aws_s3_bucket_object",
                    "depends_on": [
                        "aws_s3_bucket.tfe_bucket"
                    ],
                    "primary": {
                        "id": "tfe-setup-data",
                        "attributes": {
                            "acl": "private",
                            "bucket": "hashicorp-tfe-phinztfe-data",
                            "cache_control": "",
                            "content": "DATABASE_USER=\"atlas\"\nDATABASE_PASSWORD=\"chrischrispaulchris\"\nDATABASE_HOST=\"tfe-4ae5835de30c.cgwaqt3vgeva.us-west-2.rds.amazonaws.com:5432\"\nDATABASE_DB=\"atlas_production\"\nREDIS_HOST=\"tfe-4ae5835de30c.2glmkp.0001.usw2.cache.amazonaws.com\"\nREDIS_PORT=\"6379\"\nTFE_HOSTNAME=\"phinztfe.tfedemo.io\"\nBUCKET_URL=\"hashicorp-tfe-phinztfe-data\"\nBUCKET_REGION=\"us-west-2\"\nKMS_KEY_ID=\"arn:aws:kms:us-west-2:241656615859:key/11853047-4401-4f99-84ea-2d2152ca0fb0\"\n",
                            "content_disposition": "",
                            "content_encoding": "",
                            "content_language": "",
                            "content_type": "binary/octet-stream",
                            "etag": "6051f13bd031a45a7c2831f808d4ce72",
                            "id": "tfe-setup-data",
                            "key": "tfe-setup-data",
                            "kms_key_id": "arn:aws:kms:us-west-2:241656615859:key/11853047-4401-4f99-84ea-2d2152ca0fb0",
                            "server_side_encryption": "aws:kms",
                            "storage_class": "STANDARD",
                            "tags.%": "0",
                            "version_id": "XkmUwYJ0nkMdamQWxkx9rTOTU21vZMNj"
                        },
                        "meta": {},
                        "tainted": false
                    },
                    "deposed": [],
                    "provider": ""
                },
                "aws_security_group.ptfe": {
                    "type": "aws_security_group",
                    "depends_on": [],
                    "primary": {
                        "id": "sg-37859e4f",
                        "attributes": {
                            "description": "Managed by Terraform",
                            "egress.#": "2",
                            "egress.1403647648.cidr_blocks.#": "1",
                            "egress.1403647648.cidr_blocks.0": "0.0.0.0/0",
                            "egress.1403647648.from_port": "0",
                            "egress.1403647648.prefix_list_ids.#": "0",
                            "egress.1403647648.protocol": "tcp",
                            "egress.1403647648.security_groups.#": "0",
                            "egress.1403647648.self": "false",
                            "egress.1403647648.to_port": "65535",
                            "egress.2096121517.cidr_blocks.#": "1",
                            "egress.2096121517.cidr_blocks.0": "0.0.0.0/0",
                            "egress.2096121517.from_port": "0",
                            "egress.2096121517.prefix_list_ids.#": "0",
                            "egress.2096121517.protocol": "udp",
                            "egress.2096121517.security_groups.#": "0",
                            "egress.2096121517.self": "false",
                            "egress.2096121517.to_port": "65535",
                            "id": "sg-37859e4f",
                            "ingress.#": "2",
                            "ingress.2541437006.cidr_blocks.#": "1",
                            "ingress.2541437006.cidr_blocks.0": "0.0.0.0/0",
                            "ingress.2541437006.from_port": "22",
                            "ingress.2541437006.protocol": "tcp",
                            "ingress.2541437006.security_groups.#": "0",
                            "ingress.2541437006.self": "false",
                            "ingress.2541437006.to_port": "22",
                            "ingress.516175195.cidr_blocks.#": "1",
                            "ingress.516175195.cidr_blocks.0": "0.0.0.0/0",
                            "ingress.516175195.from_port": "8080",
                            "ingress.516175195.protocol": "tcp",
                            "ingress.516175195.security_groups.#": "0",
                            "ingress.516175195.self": "false",
                            "ingress.516175195.to_port": "8080",
                            "name": "terraform-0005efdfe58d4de65d1097b6f1",
                            "owner_id": "241656615859",
                            "tags.%": "1",
                            "tags.Name": "terraform-enterprise",
                            "vpc_id": "vpc-ad7405ca"
                        },
                        "meta": {},
                        "tainted": false
                    },
                    "deposed": [],
                    "provider": ""
                },
                "aws_security_group.ptfe-external": {
                    "type": "aws_security_group",
                    "depends_on": [],
                    "primary": {
                        "id": "sg-0d849f75",
                        "attributes": {
                            "description": "Managed by Terraform",
                            "egress.#": "2",
                            "egress.1403647648.cidr_blocks.#": "1",
                            "egress.1403647648.cidr_blocks.0": "0.0.0.0/0",
                            "egress.1403647648.from_port": "0",
                            "egress.1403647648.prefix_list_ids.#": "0",
                            "egress.1403647648.protocol": "tcp",
                            "egress.1403647648.security_groups.#": "0",
                            "egress.1403647648.self": "false",
                            "egress.1403647648.to_port": "65535",
                            "egress.2096121517.cidr_blocks.#": "1",
                            "egress.2096121517.cidr_blocks.0": "0.0.0.0/0",
                            "egress.2096121517.from_port": "0",
                            "egress.2096121517.prefix_list_ids.#": "0",
                            "egress.2096121517.protocol": "udp",
                            "egress.2096121517.security_groups.#": "0",
                            "egress.2096121517.self": "false",
                            "egress.2096121517.to_port": "65535",
                            "id": "sg-0d849f75",
                            "ingress.#": "1",
                            "ingress.2617001939.cidr_blocks.#": "1",
                            "ingress.2617001939.cidr_blocks.0": "0.0.0.0/0",
                            "ingress.2617001939.from_port": "443",
                            "ingress.2617001939.protocol": "tcp",
                            "ingress.2617001939.security_groups.#": "0",
                            "ingress.2617001939.self": "false",
                            "ingress.2617001939.to_port": "443",
                            "name": "terraform-0005efdfe58d4de65d1097b6f0",
                            "owner_id": "241656615859",
                            "tags.%": "1",
                            "tags.Name": "terraform-enterprise-external",
                            "vpc_id": "vpc-ad7405ca"
                        },
                        "meta": {},
                        "tainted": false
                    },
                    "deposed": [],
                    "provider": ""
                },
                "data.aws_iam_policy_document.tfe-perms": {
                    "type": "aws_iam_policy_document",
                    "depends_on": [
                        "aws_s3_bucket.tfe_bucket"
                    ],
                    "primary": {
                        "id": "3752830387",
                        "attributes": {
                            "id": "3752830387",
                            "json": "{\n  \"Version\": \"2012-10-17\",\n  \"Statement\": [\n    {\n      \"Sid\": \"AllowKMSEncryptDecrypt\",\n      \"Effect\": \"Allow\",\n      \"Action\": \"kms:*\",\n      \"Resource\": \"arn:aws:kms:us-west-2:241656615859:key/11853047-4401-4f99-84ea-2d2152ca0fb0\"\n    },\n    {\n      \"Sid\": \"AllowS3\",\n      \"Effect\": \"Allow\",\n      \"Action\": \"s3:*\",\n      \"Resource\": [\n        \"arn:aws:s3:::hashicorp-tfe-phinztfe-data/*\",\n        \"arn:aws:s3:::hashicorp-tfe-phinztfe-data\"\n      ]\n    },\n    {\n      \"Sid\": \"AllowCloudwatch\",\n      \"Effect\": \"Allow\",\n      \"Action\": [\n        \"logs:PutLogEvents\",\n        \"logs:DescribeLogStreams\",\n        \"logs:CreateLogStream\",\n        \"logs:CreateLogGroup\"\n      ],\n      \"Resource\": \"arn:aws:logs:*:log-group:phinztfe.tfedemo.io*\"\n    }\n  ]\n}",
                            "statement.#": "3",
                            "statement.0.actions.#": "1",
                            "statement.0.actions.1011197950": "kms:*",
                            "statement.0.condition.#": "0",
                            "statement.0.effect": "Allow",
                            "statement.0.not_actions.#": "0",
                            "statement.0.not_principals.#": "0",
                            "statement.0.not_resources.#": "0",
                            "statement.0.principals.#": "0",
                            "statement.0.resources.#": "1",
                            "statement.0.resources.1355992219": "arn:aws:kms:us-west-2:241656615859:key/11853047-4401-4f99-84ea-2d2152ca0fb0",
                            "statement.0.sid": "AllowKMSEncryptDecrypt",
                            "statement.1.actions.#": "1",
                            "statement.1.actions.1834123015": "s3:*",
                            "statement.1.condition.#": "0",
                            "statement.1.effect": "Allow",
                            "statement.1.not_actions.#": "0",
                            "statement.1.not_principals.#": "0",
                            "statement.1.not_resources.#": "0",
                            "statement.1.principals.#": "0",
                            "statement.1.resources.#": "2",
                            "statement.1.resources.1186473889": "arn:aws:s3:::hashicorp-tfe-phinztfe-data",
                            "statement.1.resources.2524987940": "arn:aws:s3:::hashicorp-tfe-phinztfe-data/*",
                            "statement.1.sid": "AllowS3",
                            "statement.2.actions.#": "4",
                            "statement.2.actions.2809485102": "logs:CreateLogGroup",
                            "statement.2.actions.3285979848": "logs:CreateLogStream",
                            "statement.2.actions.3697566380": "logs:DescribeLogStreams",
                            "statement.2.actions.39743051": "logs:PutLogEvents",
                            "statement.2.condition.#": "0",
                            "statement.2.effect": "Allow",
                            "statement.2.not_actions.#": "0",
                            "statement.2.not_principals.#": "0",
                            "statement.2.not_resources.#": "0",
                            "statement.2.principals.#": "0",
                            "statement.2.resources.#": "1",
                            "statement.2.resources.2768994569": "arn:aws:logs:*:log-group:phinztfe.tfedemo.io*",
                            "statement.2.sid": "AllowCloudwatch"
                        },
                        "meta": {},
                        "tainted": false
                    },
                    "deposed": [],
                    "provider": ""
                }
            },
            "depends_on": []
        },
        {
            "path": [
                "root",
                "redis"
            ],
            "outputs": {
                "host": {
                    "sensitive": false,
                    "type": "string",
                    "value": "tfe-4ae5835de30c.2glmkp.0001.usw2.cache.amazonaws.com"
                },
                "password": {
                    "sensitive": false,
                    "type": "string",
                    "value": ""
                },
                "port": {
                    "sensitive": false,
                    "type": "string",
                    "value": "6379"
                }
            },
            "resources": {
                "aws_elasticache_cluster.redis": {
                    "type": "aws_elasticache_cluster",
                    "depends_on": [
                        "aws_elasticache_parameter_group.redis",
                        "aws_elasticache_subnet_group.redis",
                        "aws_security_group.redis"
                    ],
                    "primary": {
                        "id": "tfe-4ae5835de30c",
                        "attributes": {
                            "availability_zone": "us-west-2a",
                            "cache_nodes.#": "1",
                            "cache_nodes.0.address": "tfe-4ae5835de30c.2glmkp.0001.usw2.cache.amazonaws.com",
                            "cache_nodes.0.availability_zone": "us-west-2a",
                            "cache_nodes.0.id": "0001",
                            "cache_nodes.0.port": "6379",
                            "cluster_id": "tfe-4ae5835de30c",
                            "engine": "redis",
                            "engine_version": "2.8.24",
                            "id": "tfe-4ae5835de30c",
                            "maintenance_window": "sat:08:30-sat:09:30",
                            "node_type": "cache.m3.medium",
                            "num_cache_nodes": "1",
                            "parameter_group_name": "tfe-4ae5835de30c",
                            "port": "6379",
                            "security_group_ids.#": "1",
                            "security_group_ids.1277498272": "sg-f2869d8a",
                            "security_group_names.#": "0",
                            "snapshot_retention_limit": "0",
                            "snapshot_window": "12:00-13:00",
                            "subnet_group_name": "tfe-4ae5835de30c",
                            "tags.%": "0"
                        },
                        "meta": {},
                        "tainted": false
                    },
                    "deposed": [],
                    "provider": ""
                },
                "aws_elasticache_parameter_group.redis": {
                    "type": "aws_elasticache_parameter_group",
                    "depends_on": [],
                    "primary": {
                        "id": "tfe-4ae5835de30c",
                        "attributes": {
                            "description": "tfe-4ae5835de30c parameter group",
                            "family": "redis2.8",
                            "id": "tfe-4ae5835de30c",
                            "name": "tfe-4ae5835de30c",
                            "parameter.#": "2",
                            "parameter.2228410067.name": "appendfsync",
                            "parameter.2228410067.value": "everysec",
                            "parameter.283487565.name": "appendonly",
                            "parameter.283487565.value": "yes"
                        },
                        "meta": {},
                        "tainted": false
                    },
                    "deposed": [],
                    "provider": ""
                },
                "aws_elasticache_subnet_group.redis": {
                    "type": "aws_elasticache_subnet_group",
                    "depends_on": [],
                    "primary": {
                        "id": "tfe-4ae5835de30c",
                        "attributes": {
                            "description": "tfe-4ae5835de30c subnet group",
                            "id": "tfe-4ae5835de30c",
                            "name": "tfe-4ae5835de30c",
                            "subnet_ids.#": "2",
                            "subnet_ids.2761268557": "subnet-0ce26b6b",
                            "subnet_ids.3667659206": "subnet-d0f35099"
                        },
                        "meta": {},
                        "tainted": false
                    },
                    "deposed": [],
                    "provider": ""
                },
                "aws_security_group.redis": {
                    "type": "aws_security_group",
                    "depends_on": [],
                    "primary": {
                        "id": "sg-f2869d8a",
                        "attributes": {
                            "description": "Managed by Terraform",
                            "egress.#": "1",
                            "egress.482069346.cidr_blocks.#": "1",
                            "egress.482069346.cidr_blocks.0": "0.0.0.0/0",
                            "egress.482069346.from_port": "0",
                            "egress.482069346.prefix_list_ids.#": "0",
                            "egress.482069346.protocol": "-1",
                            "egress.482069346.security_groups.#": "0",
                            "egress.482069346.self": "false",
                            "egress.482069346.to_port": "0",
                            "id": "sg-f2869d8a",
                            "ingress.#": "1",
                            "ingress.482069346.cidr_blocks.#": "1",
                            "ingress.482069346.cidr_blocks.0": "0.0.0.0/0",
                            "ingress.482069346.from_port": "0",
                            "ingress.482069346.protocol": "-1",
                            "ingress.482069346.security_groups.#": "0",
                            "ingress.482069346.self": "false",
                            "ingress.482069346.to_port": "0",
                            "name": "terraform-0005efdfe58d4de65d1097b6ef",
                            "owner_id": "241656615859",
                            "tags.%": "1",
                            "tags.Name": "terraform-enterprise",
                            "vpc_id": "vpc-ad7405ca"
                        },
                        "meta": {},
                        "tainted": false
                    },
                    "deposed": [],
                    "provider": ""
                }
            },
            "depends_on": []
        },
        {
            "path": [
                "root",
                "route53"
            ],
            "outputs": {},
            "resources": {
                "aws_route53_record.rec": {
                    "type": "aws_route53_record",
                    "depends_on": [],
                    "primary": {
                        "id": "ZVEF52R7NLTW6_phinztfe_A",
                        "attributes": {
                            "alias.#": "1",
                            "alias.721100123.evaluate_target_health": "false",
                            "alias.721100123.name": "tf-lb-0005efdfe58d4de65d1097b6f2-312921420.us-west-2.elb.amazonaws.com",
                            "alias.721100123.zone_id": "Z1H1FL5HABSF5",
                            "fqdn": "phinztfe.tfedemo.io",
                            "health_check_id": "",
                            "id": "ZVEF52R7NLTW6_phinztfe_A",
                            "name": "phinztfe",
                            "records.#": "0",
                            "set_identifier": "",
                            "ttl": "0",
                            "type": "A",
                            "zone_id": "ZVEF52R7NLTW6"
                        },
                        "meta": {
                            "schema_version": "2"
                        },
                        "tainted": false
                    },
                    "deposed": [],
                    "provider": ""
                }
            },
            "depends_on": []
        }
    ]
}
